version = 1
revision = 2
requires-python = ">=3.13"

[[package]]
name = "basedpyright"
version = "1.29.1"
source = { registry = "https://pypi.org/simple" }
dependencies = [
    { name = "nodejs-wheel-binaries" },
]
sdist = { url = "https://files.pythonhosted.org/packages/b9/18/f5e488eac4960ad9a2e71b95f0d91cf93a982c7f68aa90e4e0554f0bc37e/basedpyright-1.29.1.tar.gz", hash = "sha256:06bbe6c3b50ab4af20f80e154049477a50d8b81d2522eadbc9f472f2f92cd44b", size = 21773469, upload-time = "2025-04-23T13:29:42.47Z" }
wheels = [
    { url = "https://files.pythonhosted.org/packages/95/1b/1bb837bbb7e259928f33d3c105dfef4f5349ef08b3ef45576801256e3234/basedpyright-1.29.1-py3-none-any.whl", hash = "sha256:b7eb65b9d4aaeeea29a349ac494252032a75a364942d0ac466d7f07ddeacc786", size = 11397959, upload-time = "2025-04-23T13:29:38.106Z" },
]

[[package]]
name = "led"
version = "0.1.0"
source = { virtual = "." }
dependencies = [
    { name = "basedpyright" },
    { name = "pysdl2" },
]

[package.metadata]
requires-dist = [
    { name = "basedpyright", specifier = ">=1.29.1" },
    { name = "pysdl2", specifier = ">=0.9.17" },
]

[[package]]
name = "nodejs-wheel-binaries"
version = "22.15.1"
source = { registry = "https://pypi.org/simple" }
sdist = { url = "https://files.pythonhosted.org/packages/08/d1/8f0c45baa02145146e3faf459f9c67a732d7c931a4f6a56d755e7a14c796/nodejs_wheel_binaries-22.15.1.tar.gz", hash = "sha256:3825fb01887d2848904fbb62807e67d75dbe13f8fce3f0dd5a1d127b3afb854b", size = 8055, upload-time = "2025-05-15T06:23:00.568Z" }
wheels = [
    { url = "https://files.pythonhosted.org/packages/77/d7/710a72f30a05657be46594073245a234f416d6a4ff85a67279bcf5a3d82a/nodejs_wheel_binaries-22.15.1-py2.py3-none-macosx_11_0_arm64.whl", hash = "sha256:e153dbeed992f31da8b3013e7e3ae62d066d4b9e129d67e745858403ffc47d41", size = 50515109, upload-time = "2025-05-15T06:22:27.49Z" },
    { url = "https://files.pythonhosted.org/packages/dc/08/8da3bbd985ee70177d1972d457a87f3e137a85cc355f4c87a6a2a102c0af/nodejs_wheel_binaries-22.15.1-py2.py3-none-macosx_11_0_x86_64.whl", hash = "sha256:712d9533c0978b16d3e27e388cac2f9b9f8b92f713d63f59698a65c2f121d0aa", size = 51410162, upload-time = "2025-05-15T06:22:32.053Z" },
    { url = "https://files.pythonhosted.org/packages/45/46/3c3e43eaef408546d3a724d6b71b5d240c64aedb7b1e2d3887a8478214c6/nodejs_wheel_binaries-22.15.1-py2.py3-none-manylinux_2_17_aarch64.manylinux2014_aarch64.whl", hash = "sha256:3cc62b389cd32984f6e9c171dd4c5c5d761a95d405adfb335699ad505545485d", size = 57363736, upload-time = "2025-05-15T06:22:36.058Z" },
    { url = "https://files.pythonhosted.org/packages/0b/65/907a688edd67fcbd2c9e28c187fc9b2dc63e5e05bf66d55536e8eb9514f2/nodejs_wheel_binaries-22.15.1-py2.py3-none-manylinux_2_17_x86_64.manylinux2014_x86_64.whl", hash = "sha256:8bac50293aadcddf54854255acd732e6a5ea3f1b091388cc785bb02ec62fa12b", size = 57890260, upload-time = "2025-05-15T06:22:40.861Z" },
    { url = "https://files.pythonhosted.org/packages/9d/66/57f7b673c37f1210e6a29d512b2c7bd10af8575819733f76b6bfbcbaa15a/nodejs_wheel_binaries-22.15.1-py2.py3-none-musllinux_1_2_aarch64.whl", hash = "sha256:611638320ee22fc59f67bc402ed673a700287e574ecbdb74c27aa83c15885f27", size = 59191978, upload-time = "2025-05-15T06:22:44.801Z" },
    { url = "https://files.pythonhosted.org/packages/46/05/5c33f3d55c830ca8f724dd8235121e848adc0f86de45d860f81ad1d64fb5/nodejs_wheel_binaries-22.15.1-py2.py3-none-musllinux_1_2_x86_64.whl", hash = "sha256:6157e621d41e7f717b1ca3c31c251f0b8e2aa710f93bf6479268fead1dce5ef0", size = 60220671, upload-time = "2025-05-15T06:22:49.118Z" },
    { url = "https://files.pythonhosted.org/packages/95/58/d7c6cd9943f07a172cbadb36f4ae4f73afc9fa023d5ea7a9f08b8b9fea2a/nodejs_wheel_binaries-22.15.1-py2.py3-none-win_amd64.whl", hash = "sha256:bc1e1717eaff84d3cdbec2de71a505b3d6d7750b874f8d292e18f215dc5d7f7e", size = 40718644, upload-time = "2025-05-15T06:22:53.456Z" },
    { url = "https://files.pythonhosted.org/packages/cb/36/aaa72ba94dd7f7a02d556ceec26b98528c41259f77f44d41152d93bec93c/nodejs_wheel_binaries-22.15.1-py2.py3-none-win_arm64.whl", hash = "sha256:d1509e90c2bc593d6f43dd917fb91eec0b3ea690884028002d4798e7811fdff4", size = 36436180, upload-time = "2025-05-15T06:22:56.589Z" },
]

[[package]]
name = "pysdl2"
version = "0.9.17"
source = { registry = "https://pypi.org/simple" }
sdist = { url = "https://files.pythonhosted.org/packages/d7/ff/8704d84ad4d25f0a7bf7912504f64575e432e8d57dfba2fe35f5b2db7e04/pysdl2-0.9.17.tar.gz", hash = "sha256:48c6ef01a4eb123db5f7e46e1a1b565675755b07e615f3fe20a623c94735b52b", size = 775955, upload-time = "2024-12-30T18:07:27.562Z" }
wheels = [
    { url = "https://files.pythonhosted.org/packages/5d/e2/399ea7900e7510096aeb41439e6f1540bef0bdf7e15cc2d8464e4adb71e8/PySDL2-0.9.17-py3-none-any.whl", hash = "sha256:fe923dbf5c7b27bbc1eb2bf58abfa793f8f13fd7ae8b27b1bc2de49920bcbd41", size = 583137, upload-time = "2024-12-30T18:07:25.987Z" },
]
